// !$*UTF8*$!
{
	archiveVersion = 1;
	classes = {
	};
	objectVersion = 55;
	objects = {

/* Begin PBXBuildFile section */
		18866898C7A1A32ADDB2C4C4 /* Pods_BFY.framework in Frameworks */ = {isa = PBXBuildFile; fileRef = 870424EC5A4164EB830D3B6F /* Pods_BFY.framework */; };
		1D05AD822742CD8100A84FDE /* TimerViewController.swift in Sources */ = {isa = PBXBuildFile; fileRef = 1D05AD812742CD8100A84FDE /* TimerViewController.swift */; };
		F57AA604274949F9009387A0 /* GoogleService-Info.plist in Resources */ = {isa = PBXBuildFile; fileRef = F57AA603274949F9009387A0 /* GoogleService-Info.plist */; };
		F58BB452272A7F1A00462654 /* RegistrationViewController.swift in Sources */ = {isa = PBXBuildFile; fileRef = F58BB451272A7F1A00462654 /* RegistrationViewController.swift */; };
		F5BE1ABA274188D000A17D23 /* SignInViewController.swift in Sources */ = {isa = PBXBuildFile; fileRef = F5BE1AB9274188D000A17D23 /* SignInViewController.swift */; };
		F5BE1ABE2744328900A17D23 /* AuthViewController.swift in Sources */ = {isa = PBXBuildFile; fileRef = F5BE1ABD2744328900A17D23 /* AuthViewController.swift */; };
		F5BE1AC02744364300A17D23 /* MainBookViewController.swift in Sources */ = {isa = PBXBuildFile; fileRef = F5F80CEA272013C500E61826 /* MainBookViewController.swift */; };
		F5CE4D3F272AF4E90095040D /* UIColor+extensions.swift in Sources */ = {isa = PBXBuildFile; fileRef = F5CE4D3E272AF4E90095040D /* UIColor+extensions.swift */; };
		F5F80CE7272013C500E61826 /* AppDelegate.swift in Sources */ = {isa = PBXBuildFile; fileRef = F5F80CE6272013C500E61826 /* AppDelegate.swift */; };
		F5F80CE9272013C500E61826 /* SceneDelegate.swift in Sources */ = {isa = PBXBuildFile; fileRef = F5F80CE8272013C500E61826 /* SceneDelegate.swift */; };
		F5F80CF0272013CD00E61826 /* Assets.xcassets in Resources */ = {isa = PBXBuildFile; fileRef = F5F80CEF272013CD00E61826 /* Assets.xcassets */; };
/* End PBXBuildFile section */

/* Begin PBXFileReference section */
		1D05AD812742CD8100A84FDE /* TimerViewController.swift */ = {isa = PBXFileReference; lastKnownFileType = sourcecode.swift; path = TimerViewController.swift; sourceTree = "<group>"; };
		870424EC5A4164EB830D3B6F /* Pods_BFY.framework */ = {isa = PBXFileReference; explicitFileType = wrapper.framework; includeInIndex = 0; path = Pods_BFY.framework; sourceTree = BUILT_PRODUCTS_DIR; };
		889FA2DAD0B74421FFD3AE7C /* Pods-BFY.release.xcconfig */ = {isa = PBXFileReference; includeInIndex = 1; lastKnownFileType = text.xcconfig; name = "Pods-BFY.release.xcconfig"; path = "Target Support Files/Pods-BFY/Pods-BFY.release.xcconfig"; sourceTree = "<group>"; };
		CF3C7D8C114F304AC407301C /* Pods-BFY.debug.xcconfig */ = {isa = PBXFileReference; includeInIndex = 1; lastKnownFileType = text.xcconfig; name = "Pods-BFY.debug.xcconfig"; path = "Target Support Files/Pods-BFY/Pods-BFY.debug.xcconfig"; sourceTree = "<group>"; };
		F57AA601274949E7009387A0 /* GoogleService-Info.plist */ = {isa = PBXFileReference; fileEncoding = 4; lastKnownFileType = text.plist.xml; name = "GoogleService-Info.plist"; path = "../../../GoogleService-Info.plist"; sourceTree = "<group>"; };
		F57AA603274949F9009387A0 /* GoogleService-Info.plist */ = {isa = PBXFileReference; fileEncoding = 4; lastKnownFileType = text.plist.xml; path = "GoogleService-Info.plist"; sourceTree = "<group>"; };
		F58BB451272A7F1A00462654 /* RegistrationViewController.swift */ = {isa = PBXFileReference; lastKnownFileType = sourcecode.swift; path = RegistrationViewController.swift; sourceTree = "<group>"; };
		F5BE1AB9274188D000A17D23 /* SignInViewController.swift */ = {isa = PBXFileReference; lastKnownFileType = sourcecode.swift; path = SignInViewController.swift; sourceTree = "<group>"; };
		F5BE1ABD2744328900A17D23 /* AuthViewController.swift */ = {isa = PBXFileReference; fileEncoding = 4; lastKnownFileType = sourcecode.swift; path = AuthViewController.swift; sourceTree = "<group>"; };
		F5CE4D3E272AF4E90095040D /* UIColor+extensions.swift */ = {isa = PBXFileReference; lastKnownFileType = sourcecode.swift; path = "UIColor+extensions.swift"; sourceTree = "<group>"; };
		F5F80CE3272013C500E61826 /* BFY.app */ = {isa = PBXFileReference; explicitFileType = wrapper.application; includeInIndex = 0; path = BFY.app; sourceTree = BUILT_PRODUCTS_DIR; };
		F5F80CE6272013C500E61826 /* AppDelegate.swift */ = {isa = PBXFileReference; lastKnownFileType = sourcecode.swift; path = AppDelegate.swift; sourceTree = "<group>"; };
		F5F80CE8272013C500E61826 /* SceneDelegate.swift */ = {isa = PBXFileReference; lastKnownFileType = sourcecode.swift; path = SceneDelegate.swift; sourceTree = "<group>"; };
		F5F80CEA272013C500E61826 /* MainBookViewController.swift */ = {isa = PBXFileReference; lastKnownFileType = sourcecode.swift; path = MainBookViewController.swift; sourceTree = "<group>"; };
		F5F80CEF272013CD00E61826 /* Assets.xcassets */ = {isa = PBXFileReference; lastKnownFileType = folder.assetcatalog; path = Assets.xcassets; sourceTree = "<group>"; };
		F5F80CF4272013CD00E61826 /* Info.plist */ = {isa = PBXFileReference; lastKnownFileType = text.plist.xml; path = Info.plist; sourceTree = "<group>"; };
/* End PBXFileReference section */

/* Begin PBXFrameworksBuildPhase section */
		F5F80CE0272013C500E61826 /* Frameworks */ = {
			isa = PBXFrameworksBuildPhase;
			buildActionMask = 2147483647;
			files = (
				18866898C7A1A32ADDB2C4C4 /* Pods_BFY.framework in Frameworks */,
			);
			runOnlyForDeploymentPostprocessing = 0;
		};
/* End PBXFrameworksBuildPhase section */

/* Begin PBXGroup section */
		14814D4F732DAB626FF743A5 /* Pods */ = {
			isa = PBXGroup;
			children = (
				CF3C7D8C114F304AC407301C /* Pods-BFY.debug.xcconfig */,
				889FA2DAD0B74421FFD3AE7C /* Pods-BFY.release.xcconfig */,
			);
			name = Pods;
			path = Pods;
			sourceTree = "<group>";
		};
		EAB01CCF5E1DF211350255FE /* Frameworks */ = {
			isa = PBXGroup;
			children = (
				870424EC5A4164EB830D3B6F /* Pods_BFY.framework */,
			);
			name = Frameworks;
			sourceTree = "<group>";
		};
		F57AA60027492C9D009387A0 /* Authentification */ = {
			isa = PBXGroup;
			children = (
				F5BE1ABD2744328900A17D23 /* AuthViewController.swift */,
				F58BB451272A7F1A00462654 /* RegistrationViewController.swift */,
				F5BE1AB9274188D000A17D23 /* SignInViewController.swift */,
			);
			path = Authentification;
			sourceTree = "<group>";
		};
		F57AA60527494A17009387A0 /* Firebase */ = {
			isa = PBXGroup;
			children = (
				F57AA603274949F9009387A0 /* GoogleService-Info.plist */,
			);
			path = Firebase;
			sourceTree = "<group>";
		};
		F5CE4D3D272AF4C40095040D /* Extensions */ = {
			isa = PBXGroup;
			children = (
				F57AA601274949E7009387A0 /* GoogleService-Info.plist */,
				F5CE4D3E272AF4E90095040D /* UIColor+extensions.swift */,
			);
			path = Extensions;
			sourceTree = "<group>";
		};
		F5F80CDA272013C500E61826 = {
			isa = PBXGroup;
			children = (
				F5F80CE5272013C500E61826 /* BFY */,
				F5F80CE4272013C500E61826 /* Products */,
				14814D4F732DAB626FF743A5 /* Pods */,
				EAB01CCF5E1DF211350255FE /* Frameworks */,
			);
			sourceTree = "<group>";
		};
		F5F80CE4272013C500E61826 /* Products */ = {
			isa = PBXGroup;
			children = (
				F5F80CE3272013C500E61826 /* BFY.app */,
			);
			name = Products;
			sourceTree = "<group>";
		};
		F5F80CE5272013C500E61826 /* BFY */ = {
			isa = PBXGroup;
			children = (
				F57AA60527494A17009387A0 /* Firebase */,
				F57AA60027492C9D009387A0 /* Authentification */,
				F5CE4D3D272AF4C40095040D /* Extensions */,
				F5F80CE6272013C500E61826 /* AppDelegate.swift */,
				F5F80CE8272013C500E61826 /* SceneDelegate.swift */,
				F5F80CEF272013CD00E61826 /* Assets.xcassets */,
				F5F80CF4272013CD00E61826 /* Info.plist */,
				F5F80CEA272013C500E61826 /* MainBookViewController.swift */,
				1D05AD812742CD8100A84FDE /* TimerViewController.swift */,
			);
			path = BFY;
			sourceTree = "<group>";
		};
/* End PBXGroup section */

/* Begin PBXNativeTarget section */
		F5F80CE2272013C500E61826 /* BFY */ = {
			isa = PBXNativeTarget;
			buildConfigurationList = F5F80CF7272013CD00E61826 /* Build configuration list for PBXNativeTarget "BFY" */;
			buildPhases = (
				95AF222B1632ED2777ED7FFA /* [CP] Check Pods Manifest.lock */,
				F5F80CDF272013C500E61826 /* Sources */,
				F5F80CE0272013C500E61826 /* Frameworks */,
				F5F80CE1272013C500E61826 /* Resources */,
				A3D239779FF18C3D2A48DF50 /* [CP] Embed Pods Frameworks */,
			);
			buildRules = (
			);
			dependencies = (
			);
			name = BFY;
			productName = BFY;
			productReference = F5F80CE3272013C500E61826 /* BFY.app */;
			productType = "com.apple.product-type.application";
		};
/* End PBXNativeTarget section */

/* Begin PBXProject section */
		F5F80CDB272013C500E61826 /* Project object */ = {
			isa = PBXProject;
			attributes = {
				BuildIndependentTargetsInParallel = 1;
				LastSwiftUpdateCheck = 1300;
				LastUpgradeCheck = 1300;
				TargetAttributes = {
					F5F80CE2272013C500E61826 = {
						CreatedOnToolsVersion = 13.0;
					};
				};
			};
			buildConfigurationList = F5F80CDE272013C500E61826 /* Build configuration list for PBXProject "BFY" */;
			compatibilityVersion = "Xcode 13.0";
			developmentRegion = en;
			hasScannedForEncodings = 0;
			knownRegions = (
				en,
				Base,
			);
			mainGroup = F5F80CDA272013C500E61826;
			productRefGroup = F5F80CE4272013C500E61826 /* Products */;
			projectDirPath = "";
			projectRoot = "";
			targets = (
				F5F80CE2272013C500E61826 /* BFY */,
			);
		};
/* End PBXProject section */

/* Begin PBXResourcesBuildPhase section */
		F5F80CE1272013C500E61826 /* Resources */ = {
			isa = PBXResourcesBuildPhase;
			buildActionMask = 2147483647;
			files = (
				F5F80CF0272013CD00E61826 /* Assets.xcassets in Resources */,
				F57AA604274949F9009387A0 /* GoogleService-Info.plist in Resources */,
			);
			runOnlyForDeploymentPostprocessing = 0;
		};
/* End PBXResourcesBuildPhase section */

/* Begin PBXShellScriptBuildPhase section */
		95AF222B1632ED2777ED7FFA /* [CP] Check Pods Manifest.lock */ = {
			isa = PBXShellScriptBuildPhase;
			buildActionMask = 2147483647;
			files = (
			);
			inputFileListPaths = (
			);
			inputPaths = (
				"${PODS_PODFILE_DIR_PATH}/Podfile.lock",
				"${PODS_ROOT}/Manifest.lock",
			);
			name = "[CP] Check Pods Manifest.lock";
			outputFileListPaths = (
			);
			outputPaths = (
				"$(DERIVED_FILE_DIR)/Pods-BFY-checkManifestLockResult.txt",
			);
			runOnlyForDeploymentPostprocessing = 0;
			shellPath = /bin/sh;
			shellScript = "diff \"${PODS_PODFILE_DIR_PATH}/Podfile.lock\" \"${PODS_ROOT}/Manifest.lock\" > /dev/null\nif [ $? != 0 ] ; then\n    # print error to STDERR\n    echo \"error: The sandbox is not in sync with the Podfile.lock. Run 'pod install' or update your CocoaPods installation.\" >&2\n    exit 1\nfi\n# This output is used by Xcode 'outputs' to avoid re-running this script phase.\necho \"SUCCESS\" > \"${SCRIPT_OUTPUT_FILE_0}\"\n";
			showEnvVarsInLog = 0;
		};
		A3D239779FF18C3D2A48DF50 /* [CP] Embed Pods Frameworks */ = {
			isa = PBXShellScriptBuildPhase;
			buildActionMask = 2147483647;
			files = (
			);
			inputFileListPaths = (
				"${PODS_ROOT}/Target Support Files/Pods-BFY/Pods-BFY-frameworks-${CONFIGURATION}-input-files.xcfilelist",
			);
			name = "[CP] Embed Pods Frameworks";
			outputFileListPaths = (
				"${PODS_ROOT}/Target Support Files/Pods-BFY/Pods-BFY-frameworks-${CONFIGURATION}-output-files.xcfilelist",
			);
			runOnlyForDeploymentPostprocessing = 0;
			shellPath = /bin/sh;
			shellScript = "\"${PODS_ROOT}/Target Support Files/Pods-BFY/Pods-BFY-frameworks.sh\"\n";
			showEnvVarsInLog = 0;
		};
/* End PBXShellScriptBuildPhase section */

/* Begin PBXSourcesBuildPhase section */
		F5F80CDF272013C500E61826 /* Sources */ = {
			isa = PBXSourcesBuildPhase;
			buildActionMask = 2147483647;
			files = (
				F5BE1AC02744364300A17D23 /* MainBookViewController.swift in Sources */,
				1D05AD822742CD8100A84FDE /* TimerViewController.swift in Sources */,
				F5F80CE7272013C500E61826 /* AppDelegate.swift in Sources */,
				F5BE1ABA274188D000A17D23 /* SignInViewController.swift in Sources */,
				F58BB452272A7F1A00462654 /* RegistrationViewController.swift in Sources */,
				F5F80CE9272013C500E61826 /* SceneDelegate.swift in Sources */,
				F5BE1ABE2744328900A17D23 /* AuthViewController.swift in Sources */,
				F5CE4D3F272AF4E90095040D /* UIColor+extensions.swift in Sources */,
			);
			runOnlyForDeploymentPostprocessing = 0;
		};
/* End PBXSourcesBuildPhase section */

/* Begin XCBuildConfiguration section */
		F5F80CF5272013CD00E61826 /* Debug */ = {
			isa = XCBuildConfiguration;
			buildSettings = {
				ALWAYS_SEARCH_USER_PATHS = NO;
				CLANG_ANALYZER_NONNULL = YES;
				CLANG_ANALYZER_NUMBER_OBJECT_CONVERSION = YES_AGGRESSIVE;
				CLANG_CXX_LANGUAGE_STANDARD = "gnu++17";
				CLANG_CXX_LIBRARY = "libc++";
				CLANG_ENABLE_MODULES = YES;
				CLANG_ENABLE_OBJC_ARC = YES;
				CLANG_ENABLE_OBJC_WEAK = YES;
				CLANG_WARN_BLOCK_CAPTURE_AUTORELEASING = YES;
				CLANG_WARN_BOOL_CONVERSION = YES;
				CLANG_WARN_COMMA = YES;
				CLANG_WARN_CONSTANT_CONVERSION = YES;
				CLANG_WARN_DEPRECATED_OBJC_IMPLEMENTATIONS = YES;
				CLANG_WARN_DIRECT_OBJC_ISA_USAGE = YES_ERROR;
				CLANG_WARN_DOCUMENTATION_COMMENTS = YES;
				CLANG_WARN_EMPTY_BODY = YES;
				CLANG_WARN_ENUM_CONVERSION = YES;
				CLANG_WARN_INFINITE_RECURSION = YES;
				CLANG_WARN_INT_CONVERSION = YES;
				CLANG_WARN_NON_LITERAL_NULL_CONVERSION = YES;
				CLANG_WARN_OBJC_IMPLICIT_RETAIN_SELF = YES;
				CLANG_WARN_OBJC_LITERAL_CONVERSION = YES;
				CLANG_WARN_OBJC_ROOT_CLASS = YES_ERROR;
				CLANG_WARN_QUOTED_INCLUDE_IN_FRAMEWORK_HEADER = YES;
				CLANG_WARN_RANGE_LOOP_ANALYSIS = YES;
				CLANG_WARN_STRICT_PROTOTYPES = YES;
				CLANG_WARN_SUSPICIOUS_MOVE = YES;
				CLANG_WARN_UNGUARDED_AVAILABILITY = YES_AGGRESSIVE;
				CLANG_WARN_UNREACHABLE_CODE = YES;
				CLANG_WARN__DUPLICATE_METHOD_MATCH = YES;
				COPY_PHASE_STRIP = NO;
				DEBUG_INFORMATION_FORMAT = dwarf;
				ENABLE_STRICT_OBJC_MSGSEND = YES;
				ENABLE_TESTABILITY = YES;
				GCC_C_LANGUAGE_STANDARD = gnu11;
				GCC_DYNAMIC_NO_PIC = NO;
				GCC_NO_COMMON_BLOCKS = YES;
				GCC_OPTIMIZATION_LEVEL = 0;
				GCC_PREPROCESSOR_DEFINITIONS = (
					"DEBUG=1",
					"$(inherited)",
				);
				GCC_WARN_64_TO_32_BIT_CONVERSION = YES;
				GCC_WARN_ABOUT_RETURN_TYPE = YES_ERROR;
				GCC_WARN_UNDECLARED_SELECTOR = YES;
				GCC_WARN_UNINITIALIZED_AUTOS = YES_AGGRESSIVE;
				GCC_WARN_UNUSED_FUNCTION = YES;
				GCC_WARN_UNUSED_VARIABLE = YES;
				IPHONEOS_DEPLOYMENT_TARGET = 15.0;
				MTL_ENABLE_DEBUG_INFO = INCLUDE_SOURCE;
				MTL_FAST_MATH = YES;
				ONLY_ACTIVE_ARCH = YES;
				SDKROOT = iphoneos;
				SWIFT_ACTIVE_COMPILATION_CONDITIONS = DEBUG;
				SWIFT_OPTIMIZATION_LEVEL = "-Onone";
			};
			name = Debug;
		};
		F5F80CF6272013CD00E61826 /* Release */ = {
			isa = XCBuildConfiguration;
			buildSettings = {
				ALWAYS_SEARCH_USER_PATHS = NO;
				CLANG_ANALYZER_NONNULL = YES;
				CLANG_ANALYZER_NUMBER_OBJECT_CONVERSION = YES_AGGRESSIVE;
				CLANG_CXX_LANGUAGE_STANDARD = "gnu++17";
				CLANG_CXX_LIBRARY = "libc++";
				CLANG_ENABLE_MODULES = YES;
				CLANG_ENABLE_OBJC_ARC = YES;
				CLANG_ENABLE_OBJC_WEAK = YES;
				CLANG_WARN_BLOCK_CAPTURE_AUTORELEASING = YES;
				CLANG_WARN_BOOL_CONVERSION = YES;
				CLANG_WARN_COMMA = YES;
				CLANG_WARN_CONSTANT_CONVERSION = YES;
				CLANG_WARN_DEPRECATED_OBJC_IMPLEMENTATIONS = YES;
				CLANG_WARN_DIRECT_OBJC_ISA_USAGE = YES_ERROR;
				CLANG_WARN_DOCUMENTATION_COMMENTS = YES;
				CLANG_WARN_EMPTY_BODY = YES;
				CLANG_WARN_ENUM_CONVERSION = YES;
				CLANG_WARN_INFINITE_RECURSION = YES;
				CLANG_WARN_INT_CONVERSION = YES;
				CLANG_WARN_NON_LITERAL_NULL_CONVERSION = YES;
				CLANG_WARN_OBJC_IMPLICIT_RETAIN_SELF = YES;
				CLANG_WARN_OBJC_LITERAL_CONVERSION = YES;
				CLANG_WARN_OBJC_ROOT_CLASS = YES_ERROR;
				CLANG_WARN_QUOTED_INCLUDE_IN_FRAMEWORK_HEADER = YES;
				CLANG_WARN_RANGE_LOOP_ANALYSIS = YES;
				CLANG_WARN_STRICT_PROTOTYPES = YES;
				CLANG_WARN_SUSPICIOUS_MOVE = YES;
				CLANG_WARN_UNGUARDED_AVAILABILITY = YES_AGGRESSIVE;
				CLANG_WARN_UNREACHABLE_CODE = YES;
				CLANG_WARN__DUPLICATE_METHOD_MATCH = YES;
				COPY_PHASE_STRIP = NO;
				DEBUG_INFORMATION_FORMAT = "dwarf-with-dsym";
				ENABLE_NS_ASSERTIONS = NO;
				ENABLE_STRICT_OBJC_MSGSEND = YES;
				GCC_C_LANGUAGE_STANDARD = gnu11;
				GCC_NO_COMMON_BLOCKS = YES;
				GCC_WARN_64_TO_32_BIT_CONVERSION = YES;
				GCC_WARN_ABOUT_RETURN_TYPE = YES_ERROR;
				GCC_WARN_UNDECLARED_SELECTOR = YES;
				GCC_WARN_UNINITIALIZED_AUTOS = YES_AGGRESSIVE;
				GCC_WARN_UNUSED_FUNCTION = YES;
				GCC_WARN_UNUSED_VARIABLE = YES;
				IPHONEOS_DEPLOYMENT_TARGET = 15.0;
				MTL_ENABLE_DEBUG_INFO = NO;
				MTL_FAST_MATH = YES;
				SDKROOT = iphoneos;
				SWIFT_COMPILATION_MODE = wholemodule;
				SWIFT_OPTIMIZATION_LEVEL = "-O";
				VALIDATE_PRODUCT = YES;
			};
			name = Release;
		};
		F5F80CF8272013CD00E61826 /* Debug */ = {
			isa = XCBuildConfiguration;
			baseConfigurationReference = CF3C7D8C114F304AC407301C /* Pods-BFY.debug.xcconfig */;
			buildSettings = {
				ASSETCATALOG_COMPILER_APPICON_NAME = AppIcon;
				ASSETCATALOG_COMPILER_GLOBAL_ACCENT_COLOR_NAME = AccentColor;
				CODE_SIGN_STYLE = Automatic;
				CURRENT_PROJECT_VERSION = 1;
				DEVELOPMENT_TEAM = 82X3H9YPMG;
				GENERATE_INFOPLIST_FILE = YES;
				INFOPLIST_FILE = BFY/Info.plist;
				INFOPLIST_KEY_CFBundleDisplayName = BFY;
				INFOPLIST_KEY_UIApplicationSupportsIndirectInputEvents = YES;
				INFOPLIST_KEY_UILaunchStoryboardName = LaunchScreen;
				INFOPLIST_KEY_UISupportedInterfaceOrientations = UIInterfaceOrientationPortrait;
				INFOPLIST_KEY_UISupportedInterfaceOrientations_iPad = "UIInterfaceOrientationPortrait UIInterfaceOrientationPortraitUpsideDown UIInterfaceOrientationLandscapeLeft UIInterfaceOrientationLandscapeRight";
				INFOPLIST_KEY_UISupportedInterfaceOrientations_iPhone = "UIInterfaceOrientationPortrait UIInterfaceOrientationLandscapeLeft UIInterfaceOrientationLandscapeRight";
				INFOPLIST_KEY_UIUserInterfaceStyle = Light;
				LD_RUNPATH_SEARCH_PATHS = (
					"$(inherited)",
					"@executable_path/Frameworks",
				);
				MARKETING_VERSION = 1.0;
				PRODUCT_BUNDLE_IDENTIFIER = NVP.BFY;
				PRODUCT_NAME = "$(TARGET_NAME)";
				SWIFT_EMIT_LOC_STRINGS = YES;
				SWIFT_VERSION = 5.0;
				TARGETED_DEVICE_FAMILY = "1,2";
			};
			name = Debug;
		};
		F5F80CF9272013CD00E61826 /* Release */ = {
			isa = XCBuildConfiguration;
			baseConfigurationReference = 889FA2DAD0B74421FFD3AE7C /* Pods-BFY.release.xcconfig */;
			buildSettings = {
				ASSETCATALOG_COMPILER_APPICON_NAME = AppIcon;
				ASSETCATALOG_COMPILER_GLOBAL_ACCENT_COLOR_NAME = AccentColor;
				CODE_SIGN_STYLE = Automatic;
				CURRENT_PROJECT_VERSION = 1;
				DEVELOPMENT_TEAM = 82X3H9YPMG;
				GENERATE_INFOPLIST_FILE = YES;
				INFOPLIST_FILE = BFY/Info.plist;
				INFOPLIST_KEY_CFBundleDisplayName = BFY;
				INFOPLIST_KEY_UIApplicationSupportsIndirectInputEvents = YES;
				INFOPLIST_KEY_UILaunchStoryboardName = LaunchScreen;
				INFOPLIST_KEY_UISupportedInterfaceOrientations = UIInterfaceOrientationPortrait;
				INFOPLIST_KEY_UISupportedInterfaceOrientations_iPad = "UIInterfaceOrientationPortrait UIInterfaceOrientationPortraitUpsideDown UIInterfaceOrientationLandscapeLeft UIInterfaceOrientationLandscapeRight";
				INFOPLIST_KEY_UISupportedInterfaceOrientations_iPhone = "UIInterfaceOrientationPortrait UIInterfaceOrientationLandscapeLeft UIInterfaceOrientationLandscapeRight";
				INFOPLIST_KEY_UIUserInterfaceStyle = Light;
				LD_RUNPATH_SEARCH_PATHS = (
					"$(inherited)",
					"@executable_path/Frameworks",
				);
				MARKETING_VERSION = 1.0;
				PRODUCT_BUNDLE_IDENTIFIER = NVP.BFY;
				PRODUCT_NAME = "$(TARGET_NAME)";
				SWIFT_EMIT_LOC_STRINGS = YES;
				SWIFT_VERSION = 5.0;
				TARGETED_DEVICE_FAMILY = "1,2";
			};
			name = Release;
		};
/* End XCBuildConfiguration section */

/* Begin XCConfigurationList section */
		F5F80CDE272013C500E61826 /* Build configuration list for PBXProject "BFY" */ = {
			isa = XCConfigurationList;
			buildConfigurations = (
				F5F80CF5272013CD00E61826 /* Debug */,
				F5F80CF6272013CD00E61826 /* Release */,
			);
			defaultConfigurationIsVisible = 0;
			defaultConfigurationName = Release;
		};
		F5F80CF7272013CD00E61826 /* Build configuration list for PBXNativeTarget "BFY" */ = {
			isa = XCConfigurationList;
			buildConfigurations = (
				F5F80CF8272013CD00E61826 /* Debug */,
				F5F80CF9272013CD00E61826 /* Release */,
			);
			defaultConfigurationIsVisible = 0;
			defaultConfigurationName = Release;
		};
/* End XCConfigurationList section */
	};
	rootObject = F5F80CDB272013C500E61826 /* Project object */;
}
